Microsoft Visual Studio Solution File, Format Version 12.00
# Visual Studio Version 18
VisualStudioVersion = 18.4.11626.88
MinimumVisualStudioVersion = 10.0.40219.1
Project("{FAE04EC0-301F-11D3-BF4B-00C04F79EFBC}") = "ClinicApp.Api", "src\ClinicApp.Api\ClinicApp.Api.csproj", "{1A1E4A5E-8F2D-4C3B-9E7F-2D1B5C8A3F4E}"
EndProject
Project("{FAE04EC0-301F-11D3-BF4B-00C04F79EFBC}") = "ClinicApp.Application", "src\ClinicApp.Application\ClinicApp.Application.csproj", "{2B2E4A5E-8F2D-4C3B-9E7F-2D1B5C8A3F4F}"
EndProject
Project("{FAE04EC0-301F-11D3-BF4B-00C04F79EFBC}") = "ClinicApp.Domain", "src\ClinicApp.Domain\ClinicApp.Domain.csproj", "{3C3E4A5E-8F2D-4C3B-9E7F-2D1B5C8A3F50}"
EndProject
Project("{FAE04EC0-301F-11D3-BF4B-00C04F79EFBC}") = "ClinicApp.Infrastructure", "src\ClinicApp.Infrastructure\ClinicApp.Infrastructure.csproj", "{4D4E4A5E-8F2D-4C3B-9E7F-2D1B5C8A3F51}"
EndProject
Project("{FAE04EC0-301F-11D3-BF4B-00C04F79EFBC}") = "ClinicApp.Tests", "tests\ClinicApp.Tests\ClinicApp.Tests.csproj", "{5E5E4A5E-8F2D-4C3B-9E7F-2D1B5C8A3F52}"
EndProject
Project("{E53339B2-1760-4266-BCC7-CA923CBCF16C}") = "docker-compose", "docker-compose.dcproj", "{81DDED9D-158B-E303-5F62-77A2896D2A5A}"
EndProject
Global
	GlobalSection(SolutionConfigurationPlatforms) = preSolution
		Debug|Any CPU = Debug|Any CPU
		Release|Any CPU = Release|Any CPU
	EndGlobalSection
	GlobalSection(ProjectConfigurationPlatforms) = postSolution
		{1A1E4A5E-8F2D-4C3B-9E7F-2D1B5C8A3F4E}.Debug|Any CPU.ActiveCfg = Debug|Any CPU
		{1A1E4A5E-8F2D-4C3B-9E7F-2D1B5C8A3F4E}.Debug|Any CPU.Build.0 = Debug|Any CPU
		{1A1E4A5E-8F2D-4C3B-9E7F-2D1B5C8A3F4E}.Release|Any CPU.ActiveCfg = Release|Any CPU
		{1A1E4A5E-8F2D-4C3B-9E7F-2D1B5C8A3F4E}.Release|Any CPU.Build.0 = Release|Any CPU
		{2B2E4A5E-8F2D-4C3B-9E7F-2D1B5C8A3F4F}.Debug|Any CPU.ActiveCfg = Debug|Any CPU
		{2B2E4A5E-8F2D-4C3B-9E7F-2D1B5C8A3F4F}.Debug|Any CPU.Build.0 = Debug|Any CPU
		{2B2E4A5E-8F2D-4C3B-9E7F-2D1B5C8A3F4F}.Release|Any CPU.ActiveCfg = Release|Any CPU
		{2B2E4A5E-8F2D-4C3B-9E7F-2D1B5C8A3F4F}.Release|Any CPU.Build.0 = Release|Any CPU
		{3C3E4A5E-8F2D-4C3B-9E7F-2D1B5C8A3F50}.Debug|Any CPU.ActiveCfg = Debug|Any CPU
		{3C3E4A5E-8F2D-4C3B-9E7F-2D1B5C8A3F50}.Debug|Any CPU.Build.0 = Debug|Any CPU
		{3C3E4A5E-8F2D-4C3B-9E7F-2D1B5C8A3F50}.Release|Any CPU.ActiveCfg = Release|Any CPU
		{3C3E4A5E-8F2D-4C3B-9E7F-2D1B5C8A3F50}.Release|Any CPU.Build.0 = Release|Any CPU
		{4D4E4A5E-8F2D-4C3B-9E7F-2D1B5C8A3F51}.Debug|Any CPU.ActiveCfg = Debug|Any CPU
		{4D4E4A5E-8F2D-4C3B-9E7F-2D1B5C8A3F51}.Debug|Any CPU.Build.0 = Debug|Any CPU
		{4D4E4A5E-8F2D-4C3B-9E7F-2D1B5C8A3F51}.Release|Any CPU.ActiveCfg = Release|Any CPU
		{4D4E4A5E-8F2D-4C3B-9E7F-2D1B5C8A3F51}.Release|Any CPU.Build.0 = Release|Any CPU
		{5E5E4A5E-8F2D-4C3B-9E7F-2D1B5C8A3F52}.Debug|Any CPU.ActiveCfg = Debug|Any CPU
		{5E5E4A5E-8F2D-4C3B-9E7F-2D1B5C8A3F52}.Debug|Any CPU.Build.0 = Debug|Any CPU
		{5E5E4A5E-8F2D-4C3B-9E7F-2D1B5C8A3F52}.Release|Any CPU.ActiveCfg = Release|Any CPU
		{5E5E4A5E-8F2D-4C3B-9E7F-2D1B5C8A3F52}.Release|Any CPU.Build.0 = Release|Any CPU
		{81DDED9D-158B-E303-5F62-77A2896D2A5A}.Debug|Any CPU.ActiveCfg = Debug|Any CPU
		{81DDED9D-158B-E303-5F62-77A2896D2A5A}.Debug|Any CPU.Build.0 = Debug|Any CPU
		{81DDED9D-158B-E303-5F62-77A2896D2A5A}.Release|Any CPU.ActiveCfg = Release|Any CPU
		{81DDED9D-158B-E303-5F62-77A2896D2A5A}.Release|Any CPU.Build.0 = Release|Any CPU
	EndGlobalSection
	GlobalSection(SolutionProperties) = preSolution
		HideSolutionNode = FALSE
	EndGlobalSection
EndGlobal
